
Microsoft Visual Studio Solution File, Format Version 12.00
# Visual Studio 14
VisualStudioVersion = 14.0.24720.0
MinimumVisualStudioVersion = 10.0.40219.1
Project("{FAE04EC0-301F-11D3-BF4B-00C04F79EFBC}") = "HostService", "Src\Server\HostService\HostService.csproj", "{392799A9-DA4A-4552-8F44-FAD887BA9D34}"
EndProject
Project("{2150E333-8FDC-42A3-9474-1A3956D46DE8}") = "Server", "Server", "{AB14B98D-CD89-4139-B0D4-3D3237D1871A}"
EndProject
Project("{2150E333-8FDC-42A3-9474-1A3956D46DE8}") = "Core", "Core", "{FA0A3D8E-6753-49DB-AF8F-E5938FF494D8}"
EndProject
Project("{FAE04EC0-301F-11D3-BF4B-00C04F79EFBC}") = "Core.Interfaces", "Src\Core\Core.Interfaces\Core.Interfaces.csproj", "{BDB06C43-2402-444E-A9E0-72C88174FED7}"
EndProject
Project("{FAE04EC0-301F-11D3-BF4B-00C04F79EFBC}") = "Core.Logging", "Src\Core\Core.Logging\Core.Logging.csproj", "{27A1DF0A-7FD7-4306-9054-60FA4652780E}"
EndProject
Project("{FAE04EC0-301F-11D3-BF4B-00C04F79EFBC}") = "Core.Database", "Src\Core\Core.Database\Core.Database.csproj", "{B21C9416-91FC-462C-9676-A429D4B4D132}"
EndProject
Project("{2150E333-8FDC-42A3-9474-1A3956D46DE8}") = "Test", "Test", "{859F8F13-6A13-48BE-86C6-F44027D354DC}"
EndProject
Project("{2150E333-8FDC-42A3-9474-1A3956D46DE8}") = "UnitTests", "UnitTests", "{8E18CE31-B102-47C1-B06A-319FE55B9043}"
EndProject
Project("{2150E333-8FDC-42A3-9474-1A3956D46DE8}") = "Apps", "Apps", "{AF299007-67ED-4CA8-9A86-17B503743E72}"
EndProject
Project("{FAE04EC0-301F-11D3-BF4B-00C04F79EFBC}") = "Core.Logging.Test", "Src\Test\UnitTests\Core.Logging.Test\Core.Logging.Test.csproj", "{B85A1DB1-0BAA-4F0D-9752-10346B0CB906}"
EndProject
Project("{FAE04EC0-301F-11D3-BF4B-00C04F79EFBC}") = "Core.Settings", "Src\Core\Core.Settings\Core.Settings.csproj", "{990D2026-6A74-4A32-8510-6B28142BA3F2}"
EndProject
Project("{FAE04EC0-301F-11D3-BF4B-00C04F79EFBC}") = "Core.IoC.Container", "Src\Core\Core.IoC.Container\Core.IoC.Container.csproj", "{E4860231-C690-45DF-B396-120A9E3BCDD4}"
EndProject
Project("{FAE04EC0-301F-11D3-BF4B-00C04F79EFBC}") = "Core.Comm", "Src\Core\Core.Comm\Core.Comm.csproj", "{ADE057B4-C64F-4142-A4DF-0B733FE31926}"
EndProject
Project("{FAE04EC0-301F-11D3-BF4B-00C04F79EFBC}") = "Core.Settings.Test", "Src\Test\UnitTests\Core.Settings.Test\Core.Settings.Test.csproj", "{501E2FD8-7E5B-4C4A-9525-8A168904A7CA}"
EndProject
Project("{FAE04EC0-301F-11D3-BF4B-00C04F79EFBC}") = "Test.Mocks", "Src\Test\Test.Mocks\Test.Mocks.csproj", "{1B7C43FB-F2BC-4C38-9D06-35C716666AFF}"
EndProject
Project("{FAE04EC0-301F-11D3-BF4B-00C04F79EFBC}") = "Core.Services", "Src\Core\Core.Services\Core.Services.csproj", "{E6322468-7278-4940-9D5C-826E30477A19}"
EndProject
Project("{2150E333-8FDC-42A3-9474-1A3956D46DE8}") = "Utilities", "Utilities", "{8BAA698D-C1D3-4809-84CE-DD4CCA59A075}"
EndProject
Project("{FAE04EC0-301F-11D3-BF4B-00C04F79EFBC}") = "Server.Hosts", "Src\Server\Server.Hosts\Server.Hosts.csproj", "{1AD8A980-3F70-45A8-A682-68365183B845}"
EndProject
Project("{FAE04EC0-301F-11D3-BF4B-00C04F79EFBC}") = "Core.Models", "Src\Core\Core.Models\Core.Models.csproj", "{803E539B-3687-4465-B272-E50816DF453F}"
EndProject
Project("{FAE04EC0-301F-11D3-BF4B-00C04F79EFBC}") = "Core.Services.Test", "Src\Test\UnitTests\Core.Services.Test\Core.Services.Test.csproj", "{7A4DB1DE-80C5-4D1A-9851-0A9B5AB05999}"
EndProject
Project("{2150E333-8FDC-42A3-9474-1A3956D46DE8}") = "Client", "Client", "{4A268B4F-6F2F-4225-ABCD-CDED70CF33D0}"
EndProject
Project("{FAE04EC0-301F-11D3-BF4B-00C04F79EFBC}") = "Client.Main", "Src\Client\Client.Main\Client.Main.csproj", "{1BEE0DF1-F56B-4E20-A9DC-B2A9F4D0A5B3}"
EndProject
Project("{FAE04EC0-301F-11D3-BF4B-00C04F79EFBC}") = "Client.Base", "Src\Client\Client.Base\Client.Base.csproj", "{98C98907-35D1-40B3-970B-53B38DD3CB4A}"
EndProject
Global
	GlobalSection(SolutionConfigurationPlatforms) = preSolution
		Debug|Any CPU = Debug|Any CPU
		Release|Any CPU = Release|Any CPU
	EndGlobalSection
	GlobalSection(ProjectConfigurationPlatforms) = postSolution
		{392799A9-DA4A-4552-8F44-FAD887BA9D34}.Debug|Any CPU.ActiveCfg = Debug|Any CPU
		{392799A9-DA4A-4552-8F44-FAD887BA9D34}.Debug|Any CPU.Build.0 = Debug|Any CPU
		{392799A9-DA4A-4552-8F44-FAD887BA9D34}.Release|Any CPU.ActiveCfg = Release|Any CPU
		{392799A9-DA4A-4552-8F44-FAD887BA9D34}.Release|Any CPU.Build.0 = Release|Any CPU
		{BDB06C43-2402-444E-A9E0-72C88174FED7}.Debug|Any CPU.ActiveCfg = Debug|Any CPU
		{BDB06C43-2402-444E-A9E0-72C88174FED7}.Debug|Any CPU.Build.0 = Debug|Any CPU
		{BDB06C43-2402-444E-A9E0-72C88174FED7}.Release|Any CPU.ActiveCfg = Release|Any CPU
		{BDB06C43-2402-444E-A9E0-72C88174FED7}.Release|Any CPU.Build.0 = Release|Any CPU
		{27A1DF0A-7FD7-4306-9054-60FA4652780E}.Debug|Any CPU.ActiveCfg = Debug|Any CPU
		{27A1DF0A-7FD7-4306-9054-60FA4652780E}.Debug|Any CPU.Build.0 = Debug|Any CPU
		{27A1DF0A-7FD7-4306-9054-60FA4652780E}.Release|Any CPU.ActiveCfg = Release|Any CPU
		{27A1DF0A-7FD7-4306-9054-60FA4652780E}.Release|Any CPU.Build.0 = Release|Any CPU
		{B21C9416-91FC-462C-9676-A429D4B4D132}.Debug|Any CPU.ActiveCfg = Debug|Any CPU
		{B21C9416-91FC-462C-9676-A429D4B4D132}.Debug|Any CPU.Build.0 = Debug|Any CPU
		{B21C9416-91FC-462C-9676-A429D4B4D132}.Release|Any CPU.ActiveCfg = Release|Any CPU
		{B21C9416-91FC-462C-9676-A429D4B4D132}.Release|Any CPU.Build.0 = Release|Any CPU
		{B85A1DB1-0BAA-4F0D-9752-10346B0CB906}.Debug|Any CPU.ActiveCfg = Debug|Any CPU
		{B85A1DB1-0BAA-4F0D-9752-10346B0CB906}.Debug|Any CPU.Build.0 = Debug|Any CPU
		{B85A1DB1-0BAA-4F0D-9752-10346B0CB906}.Release|Any CPU.ActiveCfg = Release|Any CPU
		{B85A1DB1-0BAA-4F0D-9752-10346B0CB906}.Release|Any CPU.Build.0 = Release|Any CPU
		{990D2026-6A74-4A32-8510-6B28142BA3F2}.Debug|Any CPU.ActiveCfg = Debug|Any CPU
		{990D2026-6A74-4A32-8510-6B28142BA3F2}.Debug|Any CPU.Build.0 = Debug|Any CPU
		{990D2026-6A74-4A32-8510-6B28142BA3F2}.Release|Any CPU.ActiveCfg = Release|Any CPU
		{990D2026-6A74-4A32-8510-6B28142BA3F2}.Release|Any CPU.Build.0 = Release|Any CPU
		{E4860231-C690-45DF-B396-120A9E3BCDD4}.Debug|Any CPU.ActiveCfg = Debug|Any CPU
		{E4860231-C690-45DF-B396-120A9E3BCDD4}.Debug|Any CPU.Build.0 = Debug|Any CPU
		{E4860231-C690-45DF-B396-120A9E3BCDD4}.Release|Any CPU.ActiveCfg = Release|Any CPU
		{E4860231-C690-45DF-B396-120A9E3BCDD4}.Release|Any CPU.Build.0 = Release|Any CPU
		{ADE057B4-C64F-4142-A4DF-0B733FE31926}.Debug|Any CPU.ActiveCfg = Debug|Any CPU
		{ADE057B4-C64F-4142-A4DF-0B733FE31926}.Debug|Any CPU.Build.0 = Debug|Any CPU
		{ADE057B4-C64F-4142-A4DF-0B733FE31926}.Release|Any CPU.ActiveCfg = Release|Any CPU
		{ADE057B4-C64F-4142-A4DF-0B733FE31926}.Release|Any CPU.Build.0 = Release|Any CPU
		{501E2FD8-7E5B-4C4A-9525-8A168904A7CA}.Debug|Any CPU.ActiveCfg = Debug|Any CPU
		{501E2FD8-7E5B-4C4A-9525-8A168904A7CA}.Debug|Any CPU.Build.0 = Debug|Any CPU
		{501E2FD8-7E5B-4C4A-9525-8A168904A7CA}.Release|Any CPU.ActiveCfg = Release|Any CPU
		{501E2FD8-7E5B-4C4A-9525-8A168904A7CA}.Release|Any CPU.Build.0 = Release|Any CPU
		{1B7C43FB-F2BC-4C38-9D06-35C716666AFF}.Debug|Any CPU.ActiveCfg = Debug|Any CPU
		{1B7C43FB-F2BC-4C38-9D06-35C716666AFF}.Debug|Any CPU.Build.0 = Debug|Any CPU
		{1B7C43FB-F2BC-4C38-9D06-35C716666AFF}.Release|Any CPU.ActiveCfg = Release|Any CPU
		{1B7C43FB-F2BC-4C38-9D06-35C716666AFF}.Release|Any CPU.Build.0 = Release|Any CPU
		{E6322468-7278-4940-9D5C-826E30477A19}.Debug|Any CPU.ActiveCfg = Debug|Any CPU
		{E6322468-7278-4940-9D5C-826E30477A19}.Debug|Any CPU.Build.0 = Debug|Any CPU
		{E6322468-7278-4940-9D5C-826E30477A19}.Release|Any CPU.ActiveCfg = Release|Any CPU
		{E6322468-7278-4940-9D5C-826E30477A19}.Release|Any CPU.Build.0 = Release|Any CPU
		{1AD8A980-3F70-45A8-A682-68365183B845}.Debug|Any CPU.ActiveCfg = Debug|Any CPU
		{1AD8A980-3F70-45A8-A682-68365183B845}.Debug|Any CPU.Build.0 = Debug|Any CPU
		{1AD8A980-3F70-45A8-A682-68365183B845}.Release|Any CPU.ActiveCfg = Release|Any CPU
		{1AD8A980-3F70-45A8-A682-68365183B845}.Release|Any CPU.Build.0 = Release|Any CPU
		{803E539B-3687-4465-B272-E50816DF453F}.Debug|Any CPU.ActiveCfg = Debug|Any CPU
		{803E539B-3687-4465-B272-E50816DF453F}.Debug|Any CPU.Build.0 = Debug|Any CPU
		{803E539B-3687-4465-B272-E50816DF453F}.Release|Any CPU.ActiveCfg = Release|Any CPU
		{803E539B-3687-4465-B272-E50816DF453F}.Release|Any CPU.Build.0 = Release|Any CPU
		{7A4DB1DE-80C5-4D1A-9851-0A9B5AB05999}.Debug|Any CPU.ActiveCfg = Debug|Any CPU
		{7A4DB1DE-80C5-4D1A-9851-0A9B5AB05999}.Debug|Any CPU.Build.0 = Debug|Any CPU
		{7A4DB1DE-80C5-4D1A-9851-0A9B5AB05999}.Release|Any CPU.ActiveCfg = Release|Any CPU
		{7A4DB1DE-80C5-4D1A-9851-0A9B5AB05999}.Release|Any CPU.Build.0 = Release|Any CPU
		{1BEE0DF1-F56B-4E20-A9DC-B2A9F4D0A5B3}.Debug|Any CPU.ActiveCfg = Debug|Any CPU
		{1BEE0DF1-F56B-4E20-A9DC-B2A9F4D0A5B3}.Debug|Any CPU.Build.0 = Debug|Any CPU
		{1BEE0DF1-F56B-4E20-A9DC-B2A9F4D0A5B3}.Release|Any CPU.ActiveCfg = Release|Any CPU
		{1BEE0DF1-F56B-4E20-A9DC-B2A9F4D0A5B3}.Release|Any CPU.Build.0 = Release|Any CPU
		{98C98907-35D1-40B3-970B-53B38DD3CB4A}.Debug|Any CPU.ActiveCfg = Debug|Any CPU
		{98C98907-35D1-40B3-970B-53B38DD3CB4A}.Debug|Any CPU.Build.0 = Debug|Any CPU
		{98C98907-35D1-40B3-970B-53B38DD3CB4A}.Release|Any CPU.ActiveCfg = Release|Any CPU
		{98C98907-35D1-40B3-970B-53B38DD3CB4A}.Release|Any CPU.Build.0 = Release|Any CPU
	EndGlobalSection
	GlobalSection(SolutionProperties) = preSolution
		HideSolutionNode = FALSE
	EndGlobalSection
	GlobalSection(NestedProjects) = preSolution
		{392799A9-DA4A-4552-8F44-FAD887BA9D34} = {AB14B98D-CD89-4139-B0D4-3D3237D1871A}
		{BDB06C43-2402-444E-A9E0-72C88174FED7} = {FA0A3D8E-6753-49DB-AF8F-E5938FF494D8}
		{27A1DF0A-7FD7-4306-9054-60FA4652780E} = {FA0A3D8E-6753-49DB-AF8F-E5938FF494D8}
		{B21C9416-91FC-462C-9676-A429D4B4D132} = {FA0A3D8E-6753-49DB-AF8F-E5938FF494D8}
		{8E18CE31-B102-47C1-B06A-319FE55B9043} = {859F8F13-6A13-48BE-86C6-F44027D354DC}
		{AF299007-67ED-4CA8-9A86-17B503743E72} = {859F8F13-6A13-48BE-86C6-F44027D354DC}
		{B85A1DB1-0BAA-4F0D-9752-10346B0CB906} = {8E18CE31-B102-47C1-B06A-319FE55B9043}
		{990D2026-6A74-4A32-8510-6B28142BA3F2} = {FA0A3D8E-6753-49DB-AF8F-E5938FF494D8}
		{E4860231-C690-45DF-B396-120A9E3BCDD4} = {FA0A3D8E-6753-49DB-AF8F-E5938FF494D8}
		{ADE057B4-C64F-4142-A4DF-0B733FE31926} = {FA0A3D8E-6753-49DB-AF8F-E5938FF494D8}
		{501E2FD8-7E5B-4C4A-9525-8A168904A7CA} = {8E18CE31-B102-47C1-B06A-319FE55B9043}
		{1B7C43FB-F2BC-4C38-9D06-35C716666AFF} = {859F8F13-6A13-48BE-86C6-F44027D354DC}
		{E6322468-7278-4940-9D5C-826E30477A19} = {FA0A3D8E-6753-49DB-AF8F-E5938FF494D8}
		{1AD8A980-3F70-45A8-A682-68365183B845} = {AB14B98D-CD89-4139-B0D4-3D3237D1871A}
		{803E539B-3687-4465-B272-E50816DF453F} = {FA0A3D8E-6753-49DB-AF8F-E5938FF494D8}
		{7A4DB1DE-80C5-4D1A-9851-0A9B5AB05999} = {8E18CE31-B102-47C1-B06A-319FE55B9043}
		{1BEE0DF1-F56B-4E20-A9DC-B2A9F4D0A5B3} = {4A268B4F-6F2F-4225-ABCD-CDED70CF33D0}
		{98C98907-35D1-40B3-970B-53B38DD3CB4A} = {4A268B4F-6F2F-4225-ABCD-CDED70CF33D0}
	EndGlobalSection
EndGlobal
