
Microsoft Visual Studio Solution File, Format Version 12.00
# Visual Studio 14
VisualStudioVersion = 14.0.24720.0
MinimumVisualStudioVersion = 10.0.40219.1
Project("{FAE04EC0-301F-11D3-BF4B-00C04F79EFBC}") = "HostService", "Src\Server\HostService\HostService.csproj", "{392799A9-DA4A-4552-8F44-FAD887BA9D34}"
EndProject
Project("{2150E333-8FDC-42A3-9474-1A3956D46DE8}") = "Server", "Server", "{AB14B98D-CD89-4139-B0D4-3D3237D1871A}"
EndProject
Project("{2150E333-8FDC-42A3-9474-1A3956D46DE8}") = "Test", "Test", "{859F8F13-6A13-48BE-86C6-F44027D354DC}"
EndProject
Project("{2150E333-8FDC-42A3-9474-1A3956D46DE8}") = "UnitTests", "UnitTests", "{8E18CE31-B102-47C1-B06A-319FE55B9043}"
EndProject
Project("{2150E333-8FDC-42A3-9474-1A3956D46DE8}") = "Apps", "Apps", "{AF299007-67ED-4CA8-9A86-17B503743E72}"
EndProject
Project("{2150E333-8FDC-42A3-9474-1A3956D46DE8}") = "Client", "Client", "{4A268B4F-6F2F-4225-ABCD-CDED70CF33D0}"
EndProject
Project("{FAE04EC0-301F-11D3-BF4B-00C04F79EFBC}") = "Client.Main", "Src\Client\Client.Main\Client.Main.csproj", "{1BEE0DF1-F56B-4E20-A9DC-B2A9F4D0A5B3}"
EndProject
Project("{2150E333-8FDC-42A3-9474-1A3956D46DE8}") = "Plugins", "Plugins", "{82C415EF-B075-48CF-8FAA-A49B273FB796}"
EndProject
Project("{2150E333-8FDC-42A3-9474-1A3956D46DE8}") = "Plugins", "Plugins", "{327E72C1-6B6D-4E81-8C58-50D41AF2F723}"
EndProject
Project("{FAE04EC0-301F-11D3-BF4B-00C04F79EFBC}") = "Example.ScrumPoker.Host", "Src\Server\Plugins\Example.ScrumPoker.Host\Example.ScrumPoker.Host.csproj", "{B44AC868-44BC-453B-9AC9-483E21DF6588}"
EndProject
Project("{FAE04EC0-301F-11D3-BF4B-00C04F79EFBC}") = "Client.Plugins.Test", "Src\Client\Plugins\Client.Plugins.Test\Client.Plugins.Test.csproj", "{858DA7A4-4435-428D-8AB5-EA8DD3A52568}"
EndProject
Project("{FAE04EC0-301F-11D3-BF4B-00C04F79EFBC}") = "Example.ScrumPoker.Plugin", "Src\Client\Plugins\Example.ScrumPoker.Plugin\Example.ScrumPoker.Plugin.csproj", "{83A72E91-82A0-4B29-8144-5D22F2D07013}"
EndProject
Project("{2150E333-8FDC-42A3-9474-1A3956D46DE8}") = "Common", "Common", "{2322260E-0A5F-4A22-8149-988E517D0B57}"
EndProject
Project("{FAE04EC0-301F-11D3-BF4B-00C04F79EFBC}") = "Example.ScrumPoker.Interfaces", "Src\Common\Example.ScrumPoker.Interfaces\Example.ScrumPoker.Interfaces.csproj", "{67D54BDC-C2B9-4187-AEA7-959B9D4C5512}"
EndProject
Global
	GlobalSection(SolutionConfigurationPlatforms) = preSolution
		Debug|Any CPU = Debug|Any CPU
		Release|Any CPU = Release|Any CPU
	EndGlobalSection
	GlobalSection(ProjectConfigurationPlatforms) = postSolution
		{392799A9-DA4A-4552-8F44-FAD887BA9D34}.Debug|Any CPU.ActiveCfg = Debug|Any CPU
		{392799A9-DA4A-4552-8F44-FAD887BA9D34}.Debug|Any CPU.Build.0 = Debug|Any CPU
		{392799A9-DA4A-4552-8F44-FAD887BA9D34}.Release|Any CPU.ActiveCfg = Release|Any CPU
		{392799A9-DA4A-4552-8F44-FAD887BA9D34}.Release|Any CPU.Build.0 = Release|Any CPU
		{1BEE0DF1-F56B-4E20-A9DC-B2A9F4D0A5B3}.Debug|Any CPU.ActiveCfg = Debug|Any CPU
		{1BEE0DF1-F56B-4E20-A9DC-B2A9F4D0A5B3}.Debug|Any CPU.Build.0 = Debug|Any CPU
		{1BEE0DF1-F56B-4E20-A9DC-B2A9F4D0A5B3}.Release|Any CPU.ActiveCfg = Release|Any CPU
		{1BEE0DF1-F56B-4E20-A9DC-B2A9F4D0A5B3}.Release|Any CPU.Build.0 = Release|Any CPU
		{B44AC868-44BC-453B-9AC9-483E21DF6588}.Debug|Any CPU.ActiveCfg = Debug|Any CPU
		{B44AC868-44BC-453B-9AC9-483E21DF6588}.Debug|Any CPU.Build.0 = Debug|Any CPU
		{B44AC868-44BC-453B-9AC9-483E21DF6588}.Release|Any CPU.ActiveCfg = Release|Any CPU
		{B44AC868-44BC-453B-9AC9-483E21DF6588}.Release|Any CPU.Build.0 = Release|Any CPU
		{858DA7A4-4435-428D-8AB5-EA8DD3A52568}.Debug|Any CPU.ActiveCfg = Debug|Any CPU
		{858DA7A4-4435-428D-8AB5-EA8DD3A52568}.Debug|Any CPU.Build.0 = Debug|Any CPU
		{858DA7A4-4435-428D-8AB5-EA8DD3A52568}.Release|Any CPU.ActiveCfg = Release|Any CPU
		{858DA7A4-4435-428D-8AB5-EA8DD3A52568}.Release|Any CPU.Build.0 = Release|Any CPU
		{83A72E91-82A0-4B29-8144-5D22F2D07013}.Debug|Any CPU.ActiveCfg = Debug|Any CPU
		{83A72E91-82A0-4B29-8144-5D22F2D07013}.Debug|Any CPU.Build.0 = Debug|Any CPU
		{83A72E91-82A0-4B29-8144-5D22F2D07013}.Release|Any CPU.ActiveCfg = Release|Any CPU
		{83A72E91-82A0-4B29-8144-5D22F2D07013}.Release|Any CPU.Build.0 = Release|Any CPU
		{67D54BDC-C2B9-4187-AEA7-959B9D4C5512}.Debug|Any CPU.ActiveCfg = Debug|Any CPU
		{67D54BDC-C2B9-4187-AEA7-959B9D4C5512}.Debug|Any CPU.Build.0 = Debug|Any CPU
		{67D54BDC-C2B9-4187-AEA7-959B9D4C5512}.Release|Any CPU.ActiveCfg = Release|Any CPU
		{67D54BDC-C2B9-4187-AEA7-959B9D4C5512}.Release|Any CPU.Build.0 = Release|Any CPU
	EndGlobalSection
	GlobalSection(SolutionProperties) = preSolution
		HideSolutionNode = FALSE
	EndGlobalSection
	GlobalSection(NestedProjects) = preSolution
		{392799A9-DA4A-4552-8F44-FAD887BA9D34} = {AB14B98D-CD89-4139-B0D4-3D3237D1871A}
		{8E18CE31-B102-47C1-B06A-319FE55B9043} = {859F8F13-6A13-48BE-86C6-F44027D354DC}
		{AF299007-67ED-4CA8-9A86-17B503743E72} = {859F8F13-6A13-48BE-86C6-F44027D354DC}
		{1BEE0DF1-F56B-4E20-A9DC-B2A9F4D0A5B3} = {4A268B4F-6F2F-4225-ABCD-CDED70CF33D0}
		{82C415EF-B075-48CF-8FAA-A49B273FB796} = {AB14B98D-CD89-4139-B0D4-3D3237D1871A}
		{327E72C1-6B6D-4E81-8C58-50D41AF2F723} = {4A268B4F-6F2F-4225-ABCD-CDED70CF33D0}
		{B44AC868-44BC-453B-9AC9-483E21DF6588} = {82C415EF-B075-48CF-8FAA-A49B273FB796}
		{858DA7A4-4435-428D-8AB5-EA8DD3A52568} = {327E72C1-6B6D-4E81-8C58-50D41AF2F723}
		{83A72E91-82A0-4B29-8144-5D22F2D07013} = {327E72C1-6B6D-4E81-8C58-50D41AF2F723}
		{67D54BDC-C2B9-4187-AEA7-959B9D4C5512} = {2322260E-0A5F-4A22-8149-988E517D0B57}
	EndGlobalSection
EndGlobal
